
Microsoft Visual Studio Solution File, Format Version 12.00
# Visual Studio 15
VisualStudioVersion = 15.0.28307.438
MinimumVisualStudioVersion = 10.0.40219.1
Project("{8BC9CEB8-8B4A-11D0-8D11-00A0C91BC942}") = "TareaCorta2", "TareaCorta2\TareaCorta2.vcxproj", "{1B360786-7748-428A-BF77-38896AE5E15A}"
EndProject
Global
	GlobalSection(SolutionConfigurationPlatforms) = preSolution
		Debug|x64 = Debug|x64
		Debug|x86 = Debug|x86
		Release|x64 = Release|x64
		Release|x86 = Release|x86
	EndGlobalSection
	GlobalSection(ProjectConfigurationPlatforms) = postSolution
		{1B360786-7748-428A-BF77-38896AE5E15A}.Debug|x64.ActiveCfg = Debug|x64
		{1B360786-7748-428A-BF77-38896AE5E15A}.Debug|x64.Build.0 = Debug|x64
		{1B360786-7748-428A-BF77-38896AE5E15A}.Debug|x86.ActiveCfg = Debug|Win32
		{1B360786-7748-428A-BF77-38896AE5E15A}.Debug|x86.Build.0 = Debug|Win32
		{1B360786-7748-428A-BF77-38896AE5E15A}.Release|x64.ActiveCfg = Release|x64
		{1B360786-7748-428A-BF77-38896AE5E15A}.Release|x64.Build.0 = Release|x64
		{1B360786-7748-428A-BF77-38896AE5E15A}.Release|x86.ActiveCfg = Release|Win32
		{1B360786-7748-428A-BF77-38896AE5E15A}.Release|x86.Build.0 = Release|Win32
	EndGlobalSection
	GlobalSection(SolutionProperties) = preSolution
		HideSolutionNode = FALSE
	EndGlobalSection
	GlobalSection(ExtensibilityGlobals) = postSolution
		SolutionGuid = {66C72586-53F8-4099-99A1-60A7E1C6A842}
	EndGlobalSection
EndGlobal
